
Microsoft Visual Studio Solution File, Format Version 12.00
# Visual Studio Version 17
VisualStudioVersion = 17.5.33502.453
MinimumVisualStudioVersion = 10.0.40219.1
Project("{9A19103F-16F7-4668-BE54-9A1E7A4F7556}") = "StajTakip.Entities", "StajTakip.Entities\StajTakip.Entities.csproj", "{AB88C21F-C4BA-461D-A6A5-E80359B53F25}"
EndProject
Project("{9A19103F-16F7-4668-BE54-9A1E7A4F7556}") = "StajTakip.DataAccess", "StajTakip.DataAccess\StajTakip.DataAccess.csproj", "{94671EEB-F039-4BBE-86A8-E8742CCAF441}"
EndProject
Project("{9A19103F-16F7-4668-BE54-9A1E7A4F7556}") = "Core", "Core\Core.csproj", "{5F4D97EE-144E-4AC7-B54F-1FC3D2D19167}"
EndProject
Project("{9A19103F-16F7-4668-BE54-9A1E7A4F7556}") = "StajTakip.Business", "StajTakip.Business\StajTakip.Business.csproj", "{B90AF29B-1EFB-449C-A233-95AB98CAE563}"
EndProject
Project("{9A19103F-16F7-4668-BE54-9A1E7A4F7556}") = "StajTakip.MVC", "StajTakip.MVC\StajTakip.MVC.csproj", "{1CA67ED8-D9EA-4462-B81B-A3AA4567E767}"
EndProject
Project("{2150E333-8FDC-42A3-9474-1A3956D46DE8}") = "Solution Items", "Solution Items", "{E4240BD1-3165-4121-BDF5-1C892867A40F}"
	ProjectSection(SolutionItems) = preProject
		docker-compose.yml = docker-compose.yml
	EndProjectSection
EndProject
Global
	GlobalSection(SolutionConfigurationPlatforms) = preSolution
		Debug|Any CPU = Debug|Any CPU
		Release|Any CPU = Release|Any CPU
	EndGlobalSection
	GlobalSection(ProjectConfigurationPlatforms) = postSolution
		{AB88C21F-C4BA-461D-A6A5-E80359B53F25}.Debug|Any CPU.ActiveCfg = Debug|Any CPU
		{AB88C21F-C4BA-461D-A6A5-E80359B53F25}.Debug|Any CPU.Build.0 = Debug|Any CPU
		{AB88C21F-C4BA-461D-A6A5-E80359B53F25}.Release|Any CPU.ActiveCfg = Release|Any CPU
		{AB88C21F-C4BA-461D-A6A5-E80359B53F25}.Release|Any CPU.Build.0 = Release|Any CPU
		{94671EEB-F039-4BBE-86A8-E8742CCAF441}.Debug|Any CPU.ActiveCfg = Debug|Any CPU
		{94671EEB-F039-4BBE-86A8-E8742CCAF441}.Debug|Any CPU.Build.0 = Debug|Any CPU
		{94671EEB-F039-4BBE-86A8-E8742CCAF441}.Release|Any CPU.ActiveCfg = Release|Any CPU
		{94671EEB-F039-4BBE-86A8-E8742CCAF441}.Release|Any CPU.Build.0 = Release|Any CPU
		{5F4D97EE-144E-4AC7-B54F-1FC3D2D19167}.Debug|Any CPU.ActiveCfg = Debug|Any CPU
		{5F4D97EE-144E-4AC7-B54F-1FC3D2D19167}.Debug|Any CPU.Build.0 = Debug|Any CPU
		{5F4D97EE-144E-4AC7-B54F-1FC3D2D19167}.Release|Any CPU.ActiveCfg = Release|Any CPU
		{5F4D97EE-144E-4AC7-B54F-1FC3D2D19167}.Release|Any CPU.Build.0 = Release|Any CPU
		{B90AF29B-1EFB-449C-A233-95AB98CAE563}.Debug|Any CPU.ActiveCfg = Debug|Any CPU
		{B90AF29B-1EFB-449C-A233-95AB98CAE563}.Debug|Any CPU.Build.0 = Debug|Any CPU
		{B90AF29B-1EFB-449C-A233-95AB98CAE563}.Release|Any CPU.ActiveCfg = Release|Any CPU
		{B90AF29B-1EFB-449C-A233-95AB98CAE563}.Release|Any CPU.Build.0 = Release|Any CPU
		{1CA67ED8-D9EA-4462-B81B-A3AA4567E767}.Debug|Any CPU.ActiveCfg = Debug|Any CPU
		{1CA67ED8-D9EA-4462-B81B-A3AA4567E767}.Debug|Any CPU.Build.0 = Debug|Any CPU
		{1CA67ED8-D9EA-4462-B81B-A3AA4567E767}.Release|Any CPU.ActiveCfg = Release|Any CPU
		{1CA67ED8-D9EA-4462-B81B-A3AA4567E767}.Release|Any CPU.Build.0 = Release|Any CPU
	EndGlobalSection
	GlobalSection(SolutionProperties) = preSolution
		HideSolutionNode = FALSE
	EndGlobalSection
	GlobalSection(ExtensibilityGlobals) = postSolution
		SolutionGuid = {7B4055A0-78B8-462D-B593-93926239DEA8}
	EndGlobalSection
EndGlobal
